
Microsoft Visual Studio Solution File, Format Version 12.00
# Visual Studio Version 17
VisualStudioVersion = 17.1.31903.286
MinimumVisualStudioVersion = 10.0.40219.1
Project("{9A19103F-16F7-4668-BE54-9A1E7A4F7556}") = "KND_API", "KND_API\KND_API.csproj", "{976E6093-E455-4AD0-9423-63D78DCD48E5}"
EndProject
Project("{9A19103F-16F7-4668-BE54-9A1E7A4F7556}") = "KNDPlayerDataAccess", "KNDPlayerDataAccess\KNDPlayerDataAccess.csproj", "{ED727986-C3CD-4B4E-8D80-739ADD05583F}"
EndProject
Project("{9A19103F-16F7-4668-BE54-9A1E7A4F7556}") = "KND_Models", "KND_Models\KND_Models.csproj", "{BCAB3000-51C8-41AE-A0E6-86BF1E22E216}"
EndProject
Global
	GlobalSection(SolutionConfigurationPlatforms) = preSolution
		Debug|Any CPU = Debug|Any CPU
		Release|Any CPU = Release|Any CPU
	EndGlobalSection
	GlobalSection(ProjectConfigurationPlatforms) = postSolution
		{976E6093-E455-4AD0-9423-63D78DCD48E5}.Debug|Any CPU.ActiveCfg = Debug|Any CPU
		{976E6093-E455-4AD0-9423-63D78DCD48E5}.Debug|Any CPU.Build.0 = Debug|Any CPU
		{976E6093-E455-4AD0-9423-63D78DCD48E5}.Release|Any CPU.ActiveCfg = Release|Any CPU
		{976E6093-E455-4AD0-9423-63D78DCD48E5}.Release|Any CPU.Build.0 = Release|Any CPU
		{ED727986-C3CD-4B4E-8D80-739ADD05583F}.Debug|Any CPU.ActiveCfg = Debug|Any CPU
		{ED727986-C3CD-4B4E-8D80-739ADD05583F}.Debug|Any CPU.Build.0 = Debug|Any CPU
		{ED727986-C3CD-4B4E-8D80-739ADD05583F}.Release|Any CPU.ActiveCfg = Release|Any CPU
		{ED727986-C3CD-4B4E-8D80-739ADD05583F}.Release|Any CPU.Build.0 = Release|Any CPU
		{BCAB3000-51C8-41AE-A0E6-86BF1E22E216}.Debug|Any CPU.ActiveCfg = Debug|Any CPU
		{BCAB3000-51C8-41AE-A0E6-86BF1E22E216}.Debug|Any CPU.Build.0 = Debug|Any CPU
		{BCAB3000-51C8-41AE-A0E6-86BF1E22E216}.Release|Any CPU.ActiveCfg = Release|Any CPU
		{BCAB3000-51C8-41AE-A0E6-86BF1E22E216}.Release|Any CPU.Build.0 = Release|Any CPU
	EndGlobalSection
	GlobalSection(SolutionProperties) = preSolution
		HideSolutionNode = FALSE
	EndGlobalSection
	GlobalSection(ExtensibilityGlobals) = postSolution
		SolutionGuid = {0F46F208-1166-4986-9BE1-73C9A656BF4A}
	EndGlobalSection
EndGlobal
